
Microsoft Visual Studio Solution File, Format Version 12.00
# Visual Studio 2013
VisualStudioVersion = 12.0.31101.0
MinimumVisualStudioVersion = 10.0.40219.1
Project("{FAE04EC0-301F-11D3-BF4B-00C04F79EFBC}") = "RedisRepo.Src", "RedisRepo.Src\RedisRepo.Src.csproj", "{D8B76298-90D2-4BDF-ABE7-5140CC0EF10F}"
EndProject
Project("{FAE04EC0-301F-11D3-BF4B-00C04F79EFBC}") = "RedisRepo.HttpRuntimeCache", "RedisRepo.HttpRuntimeCache\RedisRepo.HttpRuntimeCache.csproj", "{D8251F14-557F-4AF9-9753-7924DFC88346}"
EndProject
Project("{FAE04EC0-301F-11D3-BF4B-00C04F79EFBC}") = "RedisRepo.Tests", "RedisRepo.Tests\RedisRepo.Tests.csproj", "{1294896E-A827-4130-B708-D83C35EE7525}"
EndProject
Global
	GlobalSection(SolutionConfigurationPlatforms) = preSolution
		Debug|Any CPU = Debug|Any CPU
		Release|Any CPU = Release|Any CPU
	EndGlobalSection
	GlobalSection(ProjectConfigurationPlatforms) = postSolution
		{D8B76298-90D2-4BDF-ABE7-5140CC0EF10F}.Debug|Any CPU.ActiveCfg = Debug|Any CPU
		{D8B76298-90D2-4BDF-ABE7-5140CC0EF10F}.Debug|Any CPU.Build.0 = Debug|Any CPU
		{D8B76298-90D2-4BDF-ABE7-5140CC0EF10F}.Release|Any CPU.ActiveCfg = Release|Any CPU
		{D8B76298-90D2-4BDF-ABE7-5140CC0EF10F}.Release|Any CPU.Build.0 = Release|Any CPU
		{D8251F14-557F-4AF9-9753-7924DFC88346}.Debug|Any CPU.ActiveCfg = Debug|Any CPU
		{D8251F14-557F-4AF9-9753-7924DFC88346}.Debug|Any CPU.Build.0 = Debug|Any CPU
		{D8251F14-557F-4AF9-9753-7924DFC88346}.Release|Any CPU.ActiveCfg = Release|Any CPU
		{D8251F14-557F-4AF9-9753-7924DFC88346}.Release|Any CPU.Build.0 = Release|Any CPU
		{1294896E-A827-4130-B708-D83C35EE7525}.Debug|Any CPU.ActiveCfg = Debug|Any CPU
		{1294896E-A827-4130-B708-D83C35EE7525}.Debug|Any CPU.Build.0 = Debug|Any CPU
		{1294896E-A827-4130-B708-D83C35EE7525}.Release|Any CPU.ActiveCfg = Release|Any CPU
		{1294896E-A827-4130-B708-D83C35EE7525}.Release|Any CPU.Build.0 = Release|Any CPU
	EndGlobalSection
	GlobalSection(SolutionProperties) = preSolution
		HideSolutionNode = FALSE
	EndGlobalSection
EndGlobal
